
Microsoft Visual Studio Solution File, Format Version 12.00
# Visual Studio 15
VisualStudioVersion = 15.0.27004.2005
MinimumVisualStudioVersion = 10.0.40219.1
Project("{FAE04EC0-301F-11D3-BF4B-00C04F79EFBC}") = "Lorem", "Lorem\Lorem.csproj", "{7654264B-D6CB-4970-91F2-D56454EA2F7E}"
EndProject
Global
	GlobalSection(SolutionConfigurationPlatforms) = preSolution
		Debug|Any CPU = Debug|Any CPU
		Release|Any CPU = Release|Any CPU
	EndGlobalSection
	GlobalSection(ProjectConfigurationPlatforms) = postSolution
		{7654264B-D6CB-4970-91F2-D56454EA2F7E}.Debug|Any CPU.ActiveCfg = Debug|Any CPU
		{7654264B-D6CB-4970-91F2-D56454EA2F7E}.Debug|Any CPU.Build.0 = Debug|Any CPU
		{7654264B-D6CB-4970-91F2-D56454EA2F7E}.Release|Any CPU.ActiveCfg = Release|Any CPU
		{7654264B-D6CB-4970-91F2-D56454EA2F7E}.Release|Any CPU.Build.0 = Release|Any CPU
	EndGlobalSection
	GlobalSection(SolutionProperties) = preSolution
		HideSolutionNode = FALSE
	EndGlobalSection
	GlobalSection(ExtensibilityGlobals) = postSolution
		SolutionGuid = {5F866943-728B-4CD5-B3C9-713D7248CDE9}
	EndGlobalSection
EndGlobal
